
Microsoft Visual Studio Solution File, Format Version 12.00
# Visual Studio Version 16
VisualStudioVersion = 16.0.29709.97
MinimumVisualStudioVersion = 10.0.40219.1
Project("{8BC9CEB8-8B4A-11D0-8D11-00A0C91BC942}") = "SC", "SC\SC.vcxproj", "{1B96A0AA-0CF5-4004-AA01-FB8F1D0DDDFB}"
EndProject
Project("{8BC9CEB8-8B4A-11D0-8D11-00A0C91BC942}") = "SC.Threading", "SC.Threading\SC.Threading.vcxproj", "{0E21AB5F-EDB4-460C-8DA2-25A3EDAD8076}"
EndProject
Project("{8BC9CEB8-8B4A-11D0-8D11-00A0C91BC942}") = "THHourai", "THHourai\THHourai.vcxproj", "{4CCB3BCA-4199-4B3B-A453-7161FFB71F7E}"
EndProject
Project("{8BC9CEB8-8B4A-11D0-8D11-00A0C91BC942}") = "SC.Game", "SC.Game\SC.Game.vcxproj", "{A71FA1E6-28DF-48F4-B70F-2AF2B2D51BEB}"
EndProject
Project("{2150E333-8FDC-42A3-9474-1A3956D46DE8}") = "ExternalLib", "ExternalLib", "{6F27048C-E8D3-4661-BA1C-9C8170683542}"
EndProject
Project("{2150E333-8FDC-42A3-9474-1A3956D46DE8}") = "Win32", "Win32", "{C3856FB0-F008-4AC5-8B98-A00AE700B90B}"
EndProject
Project("{2150E333-8FDC-42A3-9474-1A3956D46DE8}") = "x64", "x64", "{1AD703F1-E788-4CA7-908D-189922A943C4}"
EndProject
Project("{2150E333-8FDC-42A3-9474-1A3956D46DE8}") = "Debug", "Debug", "{B41056E1-E259-4D08-A485-7EE694C2DA64}"
	ProjectSection(SolutionItems) = preProject
		ExternalLib\Win32\Debug\assimp.dll = ExternalLib\Win32\Debug\assimp.dll
		ExternalLib\Win32\Debug\assimp.lib = ExternalLib\Win32\Debug\assimp.lib
		ExternalLib\Win32\Debug\LowLevel_static.lib = ExternalLib\Win32\Debug\LowLevel_static.lib
		ExternalLib\Win32\Debug\LowLevelAABB_static.lib = ExternalLib\Win32\Debug\LowLevelAABB_static.lib
		ExternalLib\Win32\Debug\LowLevelDynamics_static.lib = ExternalLib\Win32\Debug\LowLevelDynamics_static.lib
		ExternalLib\Win32\Debug\PhysX.lib = ExternalLib\Win32\Debug\PhysX.lib
		ExternalLib\Win32\Debug\PhysX_32.dll = ExternalLib\Win32\Debug\PhysX_32.dll
		ExternalLib\Win32\Debug\PhysXCharacterKinematic_static.lib = ExternalLib\Win32\Debug\PhysXCharacterKinematic_static.lib
		ExternalLib\Win32\Debug\PhysXCommon.lib = ExternalLib\Win32\Debug\PhysXCommon.lib
		ExternalLib\Win32\Debug\PhysXCommon_32.dll = ExternalLib\Win32\Debug\PhysXCommon_32.dll
		ExternalLib\Win32\Debug\PhysXCooking.lib = ExternalLib\Win32\Debug\PhysXCooking.lib
		ExternalLib\Win32\Debug\PhysXCooking_32.dll = ExternalLib\Win32\Debug\PhysXCooking_32.dll
		ExternalLib\Win32\Debug\PhysXExtensions_static.lib = ExternalLib\Win32\Debug\PhysXExtensions_static.lib
		ExternalLib\Win32\Debug\PhysXFoundation.lib = ExternalLib\Win32\Debug\PhysXFoundation.lib
		ExternalLib\Win32\Debug\PhysXFoundation_32.dll = ExternalLib\Win32\Debug\PhysXFoundation_32.dll
		ExternalLib\Win32\Debug\PhysXPvdSDK_static.lib = ExternalLib\Win32\Debug\PhysXPvdSDK_static.lib
		ExternalLib\Win32\Debug\PhysXTask_static.lib = ExternalLib\Win32\Debug\PhysXTask_static.lib
		ExternalLib\Win32\Debug\PhysXVehicle_static.lib = ExternalLib\Win32\Debug\PhysXVehicle_static.lib
		ExternalLib\Win32\Debug\SceneQuery_static.lib = ExternalLib\Win32\Debug\SceneQuery_static.lib
		ExternalLib\Win32\Debug\SimulationController_static.lib = ExternalLib\Win32\Debug\SimulationController_static.lib
	EndProjectSection
EndProject
Project("{2150E333-8FDC-42A3-9474-1A3956D46DE8}") = "Release", "Release", "{364C9253-D211-4C41-A3E3-DDFE9FAF3FD6}"
	ProjectSection(SolutionItems) = preProject
		ExternalLib\Win32\Release\assimp.dll = ExternalLib\Win32\Release\assimp.dll
		ExternalLib\Win32\Release\assimp.lib = ExternalLib\Win32\Release\assimp.lib
		ExternalLib\Win32\Release\LowLevel_static.lib = ExternalLib\Win32\Release\LowLevel_static.lib
		ExternalLib\Win32\Release\LowLevelAABB_static.lib = ExternalLib\Win32\Release\LowLevelAABB_static.lib
		ExternalLib\Win32\Release\LowLevelDynamics_static.lib = ExternalLib\Win32\Release\LowLevelDynamics_static.lib
		ExternalLib\Win32\Release\PhysX.lib = ExternalLib\Win32\Release\PhysX.lib
		ExternalLib\Win32\Release\PhysX_32.dll = ExternalLib\Win32\Release\PhysX_32.dll
		ExternalLib\Win32\Release\PhysXCharacterKinematic_static.lib = ExternalLib\Win32\Release\PhysXCharacterKinematic_static.lib
		ExternalLib\Win32\Release\PhysXCommon.lib = ExternalLib\Win32\Release\PhysXCommon.lib
		ExternalLib\Win32\Release\PhysXCommon_32.dll = ExternalLib\Win32\Release\PhysXCommon_32.dll
		ExternalLib\Win32\Release\PhysXCooking.lib = ExternalLib\Win32\Release\PhysXCooking.lib
		ExternalLib\Win32\Release\PhysXCooking_32.dll = ExternalLib\Win32\Release\PhysXCooking_32.dll
		ExternalLib\Win32\Release\PhysXExtensions_static.lib = ExternalLib\Win32\Release\PhysXExtensions_static.lib
		ExternalLib\Win32\Release\PhysXFoundation.lib = ExternalLib\Win32\Release\PhysXFoundation.lib
		ExternalLib\Win32\Release\PhysXFoundation_32.dll = ExternalLib\Win32\Release\PhysXFoundation_32.dll
		ExternalLib\Win32\Release\PhysXPvdSDK_static.lib = ExternalLib\Win32\Release\PhysXPvdSDK_static.lib
		ExternalLib\Win32\Release\PhysXTask_static.lib = ExternalLib\Win32\Release\PhysXTask_static.lib
		ExternalLib\Win32\Release\PhysXVehicle_static.lib = ExternalLib\Win32\Release\PhysXVehicle_static.lib
		ExternalLib\Win32\Release\SceneQuery_static.lib = ExternalLib\Win32\Release\SceneQuery_static.lib
		ExternalLib\Win32\Release\SimulationController_static.lib = ExternalLib\Win32\Release\SimulationController_static.lib
	EndProjectSection
EndProject
Project("{2150E333-8FDC-42A3-9474-1A3956D46DE8}") = "Debug", "Debug", "{1B1ACB08-BCE3-44C9-8BF2-B6C6F26631D7}"
	ProjectSection(SolutionItems) = preProject
		ExternalLib\x64\Debug\assimp.dll = ExternalLib\x64\Debug\assimp.dll
		ExternalLib\x64\Debug\assimp.lib = ExternalLib\x64\Debug\assimp.lib
		ExternalLib\x64\Debug\LowLevel_static.lib = ExternalLib\x64\Debug\LowLevel_static.lib
		ExternalLib\x64\Debug\LowLevelAABB_static.lib = ExternalLib\x64\Debug\LowLevelAABB_static.lib
		ExternalLib\x64\Debug\LowLevelDynamics_static.lib = ExternalLib\x64\Debug\LowLevelDynamics_static.lib
		ExternalLib\x64\Debug\PhysX.lib = ExternalLib\x64\Debug\PhysX.lib
		ExternalLib\x64\Debug\PhysX_64.dll = ExternalLib\x64\Debug\PhysX_64.dll
		ExternalLib\x64\Debug\PhysXCharacterKinematic_static.lib = ExternalLib\x64\Debug\PhysXCharacterKinematic_static.lib
		ExternalLib\x64\Debug\PhysXCommon.lib = ExternalLib\x64\Debug\PhysXCommon.lib
		ExternalLib\x64\Debug\PhysXCommon_64.dll = ExternalLib\x64\Debug\PhysXCommon_64.dll
		ExternalLib\x64\Debug\PhysXCooking.lib = ExternalLib\x64\Debug\PhysXCooking.lib
		ExternalLib\x64\Debug\PhysXCooking_64.dll = ExternalLib\x64\Debug\PhysXCooking_64.dll
		ExternalLib\x64\Debug\PhysXDevice64.dll = ExternalLib\x64\Debug\PhysXDevice64.dll
		ExternalLib\x64\Debug\PhysXExtensions_static.lib = ExternalLib\x64\Debug\PhysXExtensions_static.lib
		ExternalLib\x64\Debug\PhysXFoundation.lib = ExternalLib\x64\Debug\PhysXFoundation.lib
		ExternalLib\x64\Debug\PhysXFoundation_64.dll = ExternalLib\x64\Debug\PhysXFoundation_64.dll
		ExternalLib\x64\Debug\PhysXGpu_64.dll = ExternalLib\x64\Debug\PhysXGpu_64.dll
		ExternalLib\x64\Debug\PhysXPvdSDK_static.lib = ExternalLib\x64\Debug\PhysXPvdSDK_static.lib
		ExternalLib\x64\Debug\PhysXTask_static.lib = ExternalLib\x64\Debug\PhysXTask_static.lib
		ExternalLib\x64\Debug\PhysXVehicle_static.lib = ExternalLib\x64\Debug\PhysXVehicle_static.lib
		ExternalLib\x64\Debug\SceneQuery_static.lib = ExternalLib\x64\Debug\SceneQuery_static.lib
		ExternalLib\x64\Debug\SimulationController_static.lib = ExternalLib\x64\Debug\SimulationController_static.lib
	EndProjectSection
EndProject
Project("{2150E333-8FDC-42A3-9474-1A3956D46DE8}") = "Release", "Release", "{A7E2376B-DAEA-4711-B5D0-E16619DE0795}"
	ProjectSection(SolutionItems) = preProject
		ExternalLib\x64\Release\assimp.dll = ExternalLib\x64\Release\assimp.dll
		ExternalLib\x64\Release\assimp.lib = ExternalLib\x64\Release\assimp.lib
		ExternalLib\x64\Release\LowLevel_static.lib = ExternalLib\x64\Release\LowLevel_static.lib
		ExternalLib\x64\Release\LowLevelAABB_static.lib = ExternalLib\x64\Release\LowLevelAABB_static.lib
		ExternalLib\x64\Release\LowLevelDynamics_static.lib = ExternalLib\x64\Release\LowLevelDynamics_static.lib
		ExternalLib\x64\Release\PhysX.lib = ExternalLib\x64\Release\PhysX.lib
		ExternalLib\x64\Release\PhysX_64.dll = ExternalLib\x64\Release\PhysX_64.dll
		ExternalLib\x64\Release\PhysXCharacterKinematic_static.lib = ExternalLib\x64\Release\PhysXCharacterKinematic_static.lib
		ExternalLib\x64\Release\PhysXCommon.lib = ExternalLib\x64\Release\PhysXCommon.lib
		ExternalLib\x64\Release\PhysXCommon_64.dll = ExternalLib\x64\Release\PhysXCommon_64.dll
		ExternalLib\x64\Release\PhysXCooking.lib = ExternalLib\x64\Release\PhysXCooking.lib
		ExternalLib\x64\Release\PhysXCooking_64.dll = ExternalLib\x64\Release\PhysXCooking_64.dll
		ExternalLib\x64\Release\PhysXDevice64.dll = ExternalLib\x64\Release\PhysXDevice64.dll
		ExternalLib\x64\Release\PhysXExtensions_static.lib = ExternalLib\x64\Release\PhysXExtensions_static.lib
		ExternalLib\x64\Release\PhysXFoundation.lib = ExternalLib\x64\Release\PhysXFoundation.lib
		ExternalLib\x64\Release\PhysXFoundation_64.dll = ExternalLib\x64\Release\PhysXFoundation_64.dll
		ExternalLib\x64\Release\PhysXGpu_64.dll = ExternalLib\x64\Release\PhysXGpu_64.dll
		ExternalLib\x64\Release\PhysXPvdSDK_static.lib = ExternalLib\x64\Release\PhysXPvdSDK_static.lib
		ExternalLib\x64\Release\PhysXTask_static.lib = ExternalLib\x64\Release\PhysXTask_static.lib
		ExternalLib\x64\Release\PhysXVehicle_static.lib = ExternalLib\x64\Release\PhysXVehicle_static.lib
		ExternalLib\x64\Release\SceneQuery_static.lib = ExternalLib\x64\Release\SceneQuery_static.lib
		ExternalLib\x64\Release\SimulationController_static.lib = ExternalLib\x64\Release\SimulationController_static.lib
	EndProjectSection
EndProject
Project("{2150E333-8FDC-42A3-9474-1A3956D46DE8}") = "Solution Items", "Solution Items", "{70EFEA11-2FA8-460B-8331-90D67FD7E51E}"
	ProjectSection(SolutionItems) = preProject
		README.md = README.md
	EndProjectSection
EndProject
Global
	GlobalSection(SolutionConfigurationPlatforms) = preSolution
		Debug|Any CPU = Debug|Any CPU
		Debug|ARM = Debug|ARM
		Debug|ARM64 = Debug|ARM64
		Debug|x64 = Debug|x64
		Debug|x86 = Debug|x86
		Release|Any CPU = Release|Any CPU
		Release|ARM = Release|ARM
		Release|ARM64 = Release|ARM64
		Release|x64 = Release|x64
		Release|x86 = Release|x86
	EndGlobalSection
	GlobalSection(ProjectConfigurationPlatforms) = postSolution
		{1B96A0AA-0CF5-4004-AA01-FB8F1D0DDDFB}.Debug|Any CPU.ActiveCfg = Debug|Win32
		{1B96A0AA-0CF5-4004-AA01-FB8F1D0DDDFB}.Debug|ARM.ActiveCfg = Debug|Win32
		{1B96A0AA-0CF5-4004-AA01-FB8F1D0DDDFB}.Debug|ARM64.ActiveCfg = Debug|Win32
		{1B96A0AA-0CF5-4004-AA01-FB8F1D0DDDFB}.Debug|x64.ActiveCfg = Debug|x64
		{1B96A0AA-0CF5-4004-AA01-FB8F1D0DDDFB}.Debug|x64.Build.0 = Debug|x64
		{1B96A0AA-0CF5-4004-AA01-FB8F1D0DDDFB}.Debug|x86.ActiveCfg = Debug|Win32
		{1B96A0AA-0CF5-4004-AA01-FB8F1D0DDDFB}.Debug|x86.Build.0 = Debug|Win32
		{1B96A0AA-0CF5-4004-AA01-FB8F1D0DDDFB}.Release|Any CPU.ActiveCfg = Release|Win32
		{1B96A0AA-0CF5-4004-AA01-FB8F1D0DDDFB}.Release|ARM.ActiveCfg = Release|Win32
		{1B96A0AA-0CF5-4004-AA01-FB8F1D0DDDFB}.Release|ARM64.ActiveCfg = Release|Win32
		{1B96A0AA-0CF5-4004-AA01-FB8F1D0DDDFB}.Release|x64.ActiveCfg = Release|x64
		{1B96A0AA-0CF5-4004-AA01-FB8F1D0DDDFB}.Release|x64.Build.0 = Release|x64
		{1B96A0AA-0CF5-4004-AA01-FB8F1D0DDDFB}.Release|x86.ActiveCfg = Release|Win32
		{1B96A0AA-0CF5-4004-AA01-FB8F1D0DDDFB}.Release|x86.Build.0 = Release|Win32
		{0E21AB5F-EDB4-460C-8DA2-25A3EDAD8076}.Debug|Any CPU.ActiveCfg = Debug|Win32
		{0E21AB5F-EDB4-460C-8DA2-25A3EDAD8076}.Debug|ARM.ActiveCfg = Debug|Win32
		{0E21AB5F-EDB4-460C-8DA2-25A3EDAD8076}.Debug|ARM64.ActiveCfg = Debug|Win32
		{0E21AB5F-EDB4-460C-8DA2-25A3EDAD8076}.Debug|x64.ActiveCfg = Debug|x64
		{0E21AB5F-EDB4-460C-8DA2-25A3EDAD8076}.Debug|x64.Build.0 = Debug|x64
		{0E21AB5F-EDB4-460C-8DA2-25A3EDAD8076}.Debug|x86.ActiveCfg = Debug|Win32
		{0E21AB5F-EDB4-460C-8DA2-25A3EDAD8076}.Debug|x86.Build.0 = Debug|Win32
		{0E21AB5F-EDB4-460C-8DA2-25A3EDAD8076}.Release|Any CPU.ActiveCfg = Release|Win32
		{0E21AB5F-EDB4-460C-8DA2-25A3EDAD8076}.Release|ARM.ActiveCfg = Release|Win32
		{0E21AB5F-EDB4-460C-8DA2-25A3EDAD8076}.Release|ARM64.ActiveCfg = Release|Win32
		{0E21AB5F-EDB4-460C-8DA2-25A3EDAD8076}.Release|x64.ActiveCfg = Release|x64
		{0E21AB5F-EDB4-460C-8DA2-25A3EDAD8076}.Release|x64.Build.0 = Release|x64
		{0E21AB5F-EDB4-460C-8DA2-25A3EDAD8076}.Release|x86.ActiveCfg = Release|Win32
		{0E21AB5F-EDB4-460C-8DA2-25A3EDAD8076}.Release|x86.Build.0 = Release|Win32
		{4CCB3BCA-4199-4B3B-A453-7161FFB71F7E}.Debug|Any CPU.ActiveCfg = Debug|Win32
		{4CCB3BCA-4199-4B3B-A453-7161FFB71F7E}.Debug|ARM.ActiveCfg = Debug|Win32
		{4CCB3BCA-4199-4B3B-A453-7161FFB71F7E}.Debug|ARM64.ActiveCfg = Debug|Win32
		{4CCB3BCA-4199-4B3B-A453-7161FFB71F7E}.Debug|x64.ActiveCfg = Debug|x64
		{4CCB3BCA-4199-4B3B-A453-7161FFB71F7E}.Debug|x64.Build.0 = Debug|x64
		{4CCB3BCA-4199-4B3B-A453-7161FFB71F7E}.Debug|x86.ActiveCfg = Debug|Win32
		{4CCB3BCA-4199-4B3B-A453-7161FFB71F7E}.Debug|x86.Build.0 = Debug|Win32
		{4CCB3BCA-4199-4B3B-A453-7161FFB71F7E}.Release|Any CPU.ActiveCfg = Release|Win32
		{4CCB3BCA-4199-4B3B-A453-7161FFB71F7E}.Release|ARM.ActiveCfg = Release|Win32
		{4CCB3BCA-4199-4B3B-A453-7161FFB71F7E}.Release|ARM64.ActiveCfg = Release|Win32
		{4CCB3BCA-4199-4B3B-A453-7161FFB71F7E}.Release|x64.ActiveCfg = Release|x64
		{4CCB3BCA-4199-4B3B-A453-7161FFB71F7E}.Release|x64.Build.0 = Release|x64
		{4CCB3BCA-4199-4B3B-A453-7161FFB71F7E}.Release|x86.ActiveCfg = Release|Win32
		{4CCB3BCA-4199-4B3B-A453-7161FFB71F7E}.Release|x86.Build.0 = Release|Win32
		{A71FA1E6-28DF-48F4-B70F-2AF2B2D51BEB}.Debug|Any CPU.ActiveCfg = Debug|Win32
		{A71FA1E6-28DF-48F4-B70F-2AF2B2D51BEB}.Debug|ARM.ActiveCfg = Debug|Win32
		{A71FA1E6-28DF-48F4-B70F-2AF2B2D51BEB}.Debug|ARM64.ActiveCfg = Debug|Win32
		{A71FA1E6-28DF-48F4-B70F-2AF2B2D51BEB}.Debug|x64.ActiveCfg = Debug|x64
		{A71FA1E6-28DF-48F4-B70F-2AF2B2D51BEB}.Debug|x64.Build.0 = Debug|x64
		{A71FA1E6-28DF-48F4-B70F-2AF2B2D51BEB}.Debug|x86.ActiveCfg = Debug|Win32
		{A71FA1E6-28DF-48F4-B70F-2AF2B2D51BEB}.Debug|x86.Build.0 = Debug|Win32
		{A71FA1E6-28DF-48F4-B70F-2AF2B2D51BEB}.Release|Any CPU.ActiveCfg = Release|Win32
		{A71FA1E6-28DF-48F4-B70F-2AF2B2D51BEB}.Release|ARM.ActiveCfg = Release|Win32
		{A71FA1E6-28DF-48F4-B70F-2AF2B2D51BEB}.Release|ARM64.ActiveCfg = Release|Win32
		{A71FA1E6-28DF-48F4-B70F-2AF2B2D51BEB}.Release|x64.ActiveCfg = Release|x64
		{A71FA1E6-28DF-48F4-B70F-2AF2B2D51BEB}.Release|x64.Build.0 = Release|x64
		{A71FA1E6-28DF-48F4-B70F-2AF2B2D51BEB}.Release|x86.ActiveCfg = Release|Win32
		{A71FA1E6-28DF-48F4-B70F-2AF2B2D51BEB}.Release|x86.Build.0 = Release|Win32
	EndGlobalSection
	GlobalSection(SolutionProperties) = preSolution
		HideSolutionNode = FALSE
	EndGlobalSection
	GlobalSection(NestedProjects) = preSolution
		{C3856FB0-F008-4AC5-8B98-A00AE700B90B} = {6F27048C-E8D3-4661-BA1C-9C8170683542}
		{1AD703F1-E788-4CA7-908D-189922A943C4} = {6F27048C-E8D3-4661-BA1C-9C8170683542}
		{B41056E1-E259-4D08-A485-7EE694C2DA64} = {C3856FB0-F008-4AC5-8B98-A00AE700B90B}
		{364C9253-D211-4C41-A3E3-DDFE9FAF3FD6} = {C3856FB0-F008-4AC5-8B98-A00AE700B90B}
		{1B1ACB08-BCE3-44C9-8BF2-B6C6F26631D7} = {1AD703F1-E788-4CA7-908D-189922A943C4}
		{A7E2376B-DAEA-4711-B5D0-E16619DE0795} = {1AD703F1-E788-4CA7-908D-189922A943C4}
	EndGlobalSection
	GlobalSection(ExtensibilityGlobals) = postSolution
		SolutionGuid = {07754B99-F569-4D76-A50E-4DB7F34A469E}
	EndGlobalSection
EndGlobal
